
Microsoft Visual Studio Solution File, Format Version 12.00
# Visual Studio Version 17
VisualStudioVersion = 17.11.35222.181
MinimumVisualStudioVersion = 10.0.40219.1
Project("{9A19103F-16F7-4668-BE54-9A1E7A4F7556}") = "BlazorJWTProject", "BlazorJWTProject\BlazorJWTProject.csproj", "{4C036E42-E260-427A-99D3-1ABA832C8C5F}"
EndProject
Project("{9A19103F-16F7-4668-BE54-9A1E7A4F7556}") = "BlazorJWTWebAPI", "BlazorJWTWebAPI\BlazorJWTWebAPI.csproj", "{4864D1F9-334A-4987-9CD2-0607392BDC8B}"
EndProject
Global
	GlobalSection(SolutionConfigurationPlatforms) = preSolution
		Debug|Any CPU = Debug|Any CPU
		Release|Any CPU = Release|Any CPU
	EndGlobalSection
	GlobalSection(ProjectConfigurationPlatforms) = postSolution
		{4C036E42-E260-427A-99D3-1ABA832C8C5F}.Debug|Any CPU.ActiveCfg = Debug|Any CPU
		{4C036E42-E260-427A-99D3-1ABA832C8C5F}.Debug|Any CPU.Build.0 = Debug|Any CPU
		{4C036E42-E260-427A-99D3-1ABA832C8C5F}.Release|Any CPU.ActiveCfg = Release|Any CPU
		{4C036E42-E260-427A-99D3-1ABA832C8C5F}.Release|Any CPU.Build.0 = Release|Any CPU
		{4864D1F9-334A-4987-9CD2-0607392BDC8B}.Debug|Any CPU.ActiveCfg = Debug|Any CPU
		{4864D1F9-334A-4987-9CD2-0607392BDC8B}.Debug|Any CPU.Build.0 = Debug|Any CPU
		{4864D1F9-334A-4987-9CD2-0607392BDC8B}.Release|Any CPU.ActiveCfg = Release|Any CPU
		{4864D1F9-334A-4987-9CD2-0607392BDC8B}.Release|Any CPU.Build.0 = Release|Any CPU
	EndGlobalSection
	GlobalSection(SolutionProperties) = preSolution
		HideSolutionNode = FALSE
	EndGlobalSection
	GlobalSection(ExtensibilityGlobals) = postSolution
		SolutionGuid = {261BE934-A08E-4122-93EB-7E1736656C33}
	EndGlobalSection
EndGlobal
